
Microsoft Visual Studio Solution File, Format Version 12.00
# Visual Studio 15
VisualStudioVersion = 15.0.26430.13
MinimumVisualStudioVersion = 10.0.40219.1
Project("{FAE04EC0-301F-11D3-BF4B-00C04F79EFBC}") = "EFEx1", "EFEx1\EFEx1.csproj", "{05ABFA34-34D2-4881-A458-1CA89D7D74BC}"
EndProject
Global
	GlobalSection(SolutionConfigurationPlatforms) = preSolution
		Debug|Any CPU = Debug|Any CPU
		Release|Any CPU = Release|Any CPU
	EndGlobalSection
	GlobalSection(ProjectConfigurationPlatforms) = postSolution
		{05ABFA34-34D2-4881-A458-1CA89D7D74BC}.Debug|Any CPU.ActiveCfg = Debug|Any CPU
		{05ABFA34-34D2-4881-A458-1CA89D7D74BC}.Debug|Any CPU.Build.0 = Debug|Any CPU
		{05ABFA34-34D2-4881-A458-1CA89D7D74BC}.Release|Any CPU.ActiveCfg = Release|Any CPU
		{05ABFA34-34D2-4881-A458-1CA89D7D74BC}.Release|Any CPU.Build.0 = Release|Any CPU
	EndGlobalSection
	GlobalSection(SolutionProperties) = preSolution
		HideSolutionNode = FALSE
	EndGlobalSection
EndGlobal
