
Microsoft Visual Studio Solution File, Format Version 12.00
# Visual Studio 15
VisualStudioVersion = 15.0.26430.13
MinimumVisualStudioVersion = 10.0.40219.1
Project("{FAE04EC0-301F-11D3-BF4B-00C04F79EFBC}") = "TestApp1", "TestApp1\TestApp1.csproj", "{D814BA36-B058-4A1B-86C8-8E2A0239320F}"
EndProject
Project("{FAE04EC0-301F-11D3-BF4B-00C04F79EFBC}") = "TempSensing", "TempSensing\TempSensing.csproj", "{F900C3FB-7CBE-40D6-8D20-A94C09CE4D4C}"
EndProject
Project("{FAE04EC0-301F-11D3-BF4B-00C04F79EFBC}") = "JsonSerializationEx1", "JsonSerializationEx1\JsonSerializationEx1.csproj", "{44420C3C-B011-445F-B1C1-2FA436D52A08}"
EndProject
Project("{FAE04EC0-301F-11D3-BF4B-00C04F79EFBC}") = "SocketServerEx1", "SocketServerEx1\SocketServerEx1.csproj", "{0086E669-3844-4219-AE85-EE1EC4B8DF29}"
EndProject
Project("{FAE04EC0-301F-11D3-BF4B-00C04F79EFBC}") = "SocketClientEx1", "SocketClientEx1\SocketClientEx1.csproj", "{1C8999A4-3572-4B0A-9A34-ABE5A38004F5}"
EndProject
Global
	GlobalSection(SolutionConfigurationPlatforms) = preSolution
		Debug|Any CPU = Debug|Any CPU
		Debug|ARM = Debug|ARM
		Debug|x64 = Debug|x64
		Debug|x86 = Debug|x86
		Release|Any CPU = Release|Any CPU
		Release|ARM = Release|ARM
		Release|x64 = Release|x64
		Release|x86 = Release|x86
	EndGlobalSection
	GlobalSection(ProjectConfigurationPlatforms) = postSolution
		{D814BA36-B058-4A1B-86C8-8E2A0239320F}.Debug|Any CPU.ActiveCfg = Debug|x86
		{D814BA36-B058-4A1B-86C8-8E2A0239320F}.Debug|ARM.ActiveCfg = Debug|ARM
		{D814BA36-B058-4A1B-86C8-8E2A0239320F}.Debug|ARM.Build.0 = Debug|ARM
		{D814BA36-B058-4A1B-86C8-8E2A0239320F}.Debug|ARM.Deploy.0 = Debug|ARM
		{D814BA36-B058-4A1B-86C8-8E2A0239320F}.Debug|x64.ActiveCfg = Debug|x64
		{D814BA36-B058-4A1B-86C8-8E2A0239320F}.Debug|x64.Build.0 = Debug|x64
		{D814BA36-B058-4A1B-86C8-8E2A0239320F}.Debug|x64.Deploy.0 = Debug|x64
		{D814BA36-B058-4A1B-86C8-8E2A0239320F}.Debug|x86.ActiveCfg = Debug|x86
		{D814BA36-B058-4A1B-86C8-8E2A0239320F}.Debug|x86.Build.0 = Debug|x86
		{D814BA36-B058-4A1B-86C8-8E2A0239320F}.Debug|x86.Deploy.0 = Debug|x86
		{D814BA36-B058-4A1B-86C8-8E2A0239320F}.Release|Any CPU.ActiveCfg = Release|x86
		{D814BA36-B058-4A1B-86C8-8E2A0239320F}.Release|ARM.ActiveCfg = Release|ARM
		{D814BA36-B058-4A1B-86C8-8E2A0239320F}.Release|ARM.Build.0 = Release|ARM
		{D814BA36-B058-4A1B-86C8-8E2A0239320F}.Release|ARM.Deploy.0 = Release|ARM
		{D814BA36-B058-4A1B-86C8-8E2A0239320F}.Release|x64.ActiveCfg = Release|x64
		{D814BA36-B058-4A1B-86C8-8E2A0239320F}.Release|x64.Build.0 = Release|x64
		{D814BA36-B058-4A1B-86C8-8E2A0239320F}.Release|x64.Deploy.0 = Release|x64
		{D814BA36-B058-4A1B-86C8-8E2A0239320F}.Release|x86.ActiveCfg = Release|x86
		{D814BA36-B058-4A1B-86C8-8E2A0239320F}.Release|x86.Build.0 = Release|x86
		{D814BA36-B058-4A1B-86C8-8E2A0239320F}.Release|x86.Deploy.0 = Release|x86
		{F900C3FB-7CBE-40D6-8D20-A94C09CE4D4C}.Debug|Any CPU.ActiveCfg = Debug|x86
		{F900C3FB-7CBE-40D6-8D20-A94C09CE4D4C}.Debug|ARM.ActiveCfg = Debug|ARM
		{F900C3FB-7CBE-40D6-8D20-A94C09CE4D4C}.Debug|ARM.Build.0 = Debug|ARM
		{F900C3FB-7CBE-40D6-8D20-A94C09CE4D4C}.Debug|ARM.Deploy.0 = Debug|ARM
		{F900C3FB-7CBE-40D6-8D20-A94C09CE4D4C}.Debug|x64.ActiveCfg = Debug|x64
		{F900C3FB-7CBE-40D6-8D20-A94C09CE4D4C}.Debug|x64.Build.0 = Debug|x64
		{F900C3FB-7CBE-40D6-8D20-A94C09CE4D4C}.Debug|x64.Deploy.0 = Debug|x64
		{F900C3FB-7CBE-40D6-8D20-A94C09CE4D4C}.Debug|x86.ActiveCfg = Debug|x86
		{F900C3FB-7CBE-40D6-8D20-A94C09CE4D4C}.Debug|x86.Build.0 = Debug|x86
		{F900C3FB-7CBE-40D6-8D20-A94C09CE4D4C}.Debug|x86.Deploy.0 = Debug|x86
		{F900C3FB-7CBE-40D6-8D20-A94C09CE4D4C}.Release|Any CPU.ActiveCfg = Release|x86
		{F900C3FB-7CBE-40D6-8D20-A94C09CE4D4C}.Release|ARM.ActiveCfg = Release|ARM
		{F900C3FB-7CBE-40D6-8D20-A94C09CE4D4C}.Release|ARM.Build.0 = Release|ARM
		{F900C3FB-7CBE-40D6-8D20-A94C09CE4D4C}.Release|ARM.Deploy.0 = Release|ARM
		{F900C3FB-7CBE-40D6-8D20-A94C09CE4D4C}.Release|x64.ActiveCfg = Release|x64
		{F900C3FB-7CBE-40D6-8D20-A94C09CE4D4C}.Release|x64.Build.0 = Release|x64
		{F900C3FB-7CBE-40D6-8D20-A94C09CE4D4C}.Release|x64.Deploy.0 = Release|x64
		{F900C3FB-7CBE-40D6-8D20-A94C09CE4D4C}.Release|x86.ActiveCfg = Release|x86
		{F900C3FB-7CBE-40D6-8D20-A94C09CE4D4C}.Release|x86.Build.0 = Release|x86
		{F900C3FB-7CBE-40D6-8D20-A94C09CE4D4C}.Release|x86.Deploy.0 = Release|x86
		{44420C3C-B011-445F-B1C1-2FA436D52A08}.Debug|Any CPU.ActiveCfg = Debug|Any CPU
		{44420C3C-B011-445F-B1C1-2FA436D52A08}.Debug|Any CPU.Build.0 = Debug|Any CPU
		{44420C3C-B011-445F-B1C1-2FA436D52A08}.Debug|ARM.ActiveCfg = Debug|Any CPU
		{44420C3C-B011-445F-B1C1-2FA436D52A08}.Debug|ARM.Build.0 = Debug|Any CPU
		{44420C3C-B011-445F-B1C1-2FA436D52A08}.Debug|x64.ActiveCfg = Debug|Any CPU
		{44420C3C-B011-445F-B1C1-2FA436D52A08}.Debug|x64.Build.0 = Debug|Any CPU
		{44420C3C-B011-445F-B1C1-2FA436D52A08}.Debug|x86.ActiveCfg = Debug|Any CPU
		{44420C3C-B011-445F-B1C1-2FA436D52A08}.Debug|x86.Build.0 = Debug|Any CPU
		{44420C3C-B011-445F-B1C1-2FA436D52A08}.Release|Any CPU.ActiveCfg = Release|Any CPU
		{44420C3C-B011-445F-B1C1-2FA436D52A08}.Release|Any CPU.Build.0 = Release|Any CPU
		{44420C3C-B011-445F-B1C1-2FA436D52A08}.Release|ARM.ActiveCfg = Release|Any CPU
		{44420C3C-B011-445F-B1C1-2FA436D52A08}.Release|ARM.Build.0 = Release|Any CPU
		{44420C3C-B011-445F-B1C1-2FA436D52A08}.Release|x64.ActiveCfg = Release|Any CPU
		{44420C3C-B011-445F-B1C1-2FA436D52A08}.Release|x64.Build.0 = Release|Any CPU
		{44420C3C-B011-445F-B1C1-2FA436D52A08}.Release|x86.ActiveCfg = Release|Any CPU
		{44420C3C-B011-445F-B1C1-2FA436D52A08}.Release|x86.Build.0 = Release|Any CPU
		{0086E669-3844-4219-AE85-EE1EC4B8DF29}.Debug|Any CPU.ActiveCfg = Debug|Any CPU
		{0086E669-3844-4219-AE85-EE1EC4B8DF29}.Debug|Any CPU.Build.0 = Debug|Any CPU
		{0086E669-3844-4219-AE85-EE1EC4B8DF29}.Debug|ARM.ActiveCfg = Debug|Any CPU
		{0086E669-3844-4219-AE85-EE1EC4B8DF29}.Debug|ARM.Build.0 = Debug|Any CPU
		{0086E669-3844-4219-AE85-EE1EC4B8DF29}.Debug|x64.ActiveCfg = Debug|Any CPU
		{0086E669-3844-4219-AE85-EE1EC4B8DF29}.Debug|x64.Build.0 = Debug|Any CPU
		{0086E669-3844-4219-AE85-EE1EC4B8DF29}.Debug|x86.ActiveCfg = Debug|Any CPU
		{0086E669-3844-4219-AE85-EE1EC4B8DF29}.Debug|x86.Build.0 = Debug|Any CPU
		{0086E669-3844-4219-AE85-EE1EC4B8DF29}.Release|Any CPU.ActiveCfg = Release|Any CPU
		{0086E669-3844-4219-AE85-EE1EC4B8DF29}.Release|Any CPU.Build.0 = Release|Any CPU
		{0086E669-3844-4219-AE85-EE1EC4B8DF29}.Release|ARM.ActiveCfg = Release|Any CPU
		{0086E669-3844-4219-AE85-EE1EC4B8DF29}.Release|ARM.Build.0 = Release|Any CPU
		{0086E669-3844-4219-AE85-EE1EC4B8DF29}.Release|x64.ActiveCfg = Release|Any CPU
		{0086E669-3844-4219-AE85-EE1EC4B8DF29}.Release|x64.Build.0 = Release|Any CPU
		{0086E669-3844-4219-AE85-EE1EC4B8DF29}.Release|x86.ActiveCfg = Release|Any CPU
		{0086E669-3844-4219-AE85-EE1EC4B8DF29}.Release|x86.Build.0 = Release|Any CPU
		{1C8999A4-3572-4B0A-9A34-ABE5A38004F5}.Debug|Any CPU.ActiveCfg = Debug|Any CPU
		{1C8999A4-3572-4B0A-9A34-ABE5A38004F5}.Debug|Any CPU.Build.0 = Debug|Any CPU
		{1C8999A4-3572-4B0A-9A34-ABE5A38004F5}.Debug|ARM.ActiveCfg = Debug|Any CPU
		{1C8999A4-3572-4B0A-9A34-ABE5A38004F5}.Debug|ARM.Build.0 = Debug|Any CPU
		{1C8999A4-3572-4B0A-9A34-ABE5A38004F5}.Debug|x64.ActiveCfg = Debug|Any CPU
		{1C8999A4-3572-4B0A-9A34-ABE5A38004F5}.Debug|x64.Build.0 = Debug|Any CPU
		{1C8999A4-3572-4B0A-9A34-ABE5A38004F5}.Debug|x86.ActiveCfg = Debug|Any CPU
		{1C8999A4-3572-4B0A-9A34-ABE5A38004F5}.Debug|x86.Build.0 = Debug|Any CPU
		{1C8999A4-3572-4B0A-9A34-ABE5A38004F5}.Release|Any CPU.ActiveCfg = Release|Any CPU
		{1C8999A4-3572-4B0A-9A34-ABE5A38004F5}.Release|Any CPU.Build.0 = Release|Any CPU
		{1C8999A4-3572-4B0A-9A34-ABE5A38004F5}.Release|ARM.ActiveCfg = Release|Any CPU
		{1C8999A4-3572-4B0A-9A34-ABE5A38004F5}.Release|ARM.Build.0 = Release|Any CPU
		{1C8999A4-3572-4B0A-9A34-ABE5A38004F5}.Release|x64.ActiveCfg = Release|Any CPU
		{1C8999A4-3572-4B0A-9A34-ABE5A38004F5}.Release|x64.Build.0 = Release|Any CPU
		{1C8999A4-3572-4B0A-9A34-ABE5A38004F5}.Release|x86.ActiveCfg = Release|Any CPU
		{1C8999A4-3572-4B0A-9A34-ABE5A38004F5}.Release|x86.Build.0 = Release|Any CPU
	EndGlobalSection
	GlobalSection(SolutionProperties) = preSolution
		HideSolutionNode = FALSE
	EndGlobalSection
EndGlobal
