
Microsoft Visual Studio Solution File, Format Version 12.00
# Visual Studio 14
VisualStudioVersion = 14.0.25420.1
MinimumVisualStudioVersion = 10.0.40219.1
Project("{FAE04EC0-301F-11D3-BF4B-00C04F79EFBC}") = "WebEx1", "WebEx1\WebEx1.csproj", "{2174C7E4-822A-4423-BC60-4910944F3F94}"
EndProject
Project("{FAE04EC0-301F-11D3-BF4B-00C04F79EFBC}") = "WebApiClientEx1", "WebApiClientEx1\WebApiClientEx1.csproj", "{50A7B6F4-6719-4E57-AA8C-E5159FDB4E69}"
EndProject
Project("{FAE04EC0-301F-11D3-BF4B-00C04F79EFBC}") = "DeviceWebApi", "DeviceWebApi\DeviceWebApi.csproj", "{A74282F7-8DD5-48F7-B17A-EBF9F4183444}"
EndProject
Project("{FAE04EC0-301F-11D3-BF4B-00C04F79EFBC}") = "Device", "Device\Device.csproj", "{1C688F22-A9AE-4F48-A241-8B22520F1B96}"
EndProject
Global
	GlobalSection(SolutionConfigurationPlatforms) = preSolution
		Debug|Any CPU = Debug|Any CPU
		Debug|ARM = Debug|ARM
		Debug|x64 = Debug|x64
		Debug|x86 = Debug|x86
		Release|Any CPU = Release|Any CPU
		Release|ARM = Release|ARM
		Release|x64 = Release|x64
		Release|x86 = Release|x86
	EndGlobalSection
	GlobalSection(ProjectConfigurationPlatforms) = postSolution
		{2174C7E4-822A-4423-BC60-4910944F3F94}.Debug|Any CPU.ActiveCfg = Debug|Any CPU
		{2174C7E4-822A-4423-BC60-4910944F3F94}.Debug|Any CPU.Build.0 = Debug|Any CPU
		{2174C7E4-822A-4423-BC60-4910944F3F94}.Debug|ARM.ActiveCfg = Debug|Any CPU
		{2174C7E4-822A-4423-BC60-4910944F3F94}.Debug|ARM.Build.0 = Debug|Any CPU
		{2174C7E4-822A-4423-BC60-4910944F3F94}.Debug|x64.ActiveCfg = Debug|Any CPU
		{2174C7E4-822A-4423-BC60-4910944F3F94}.Debug|x64.Build.0 = Debug|Any CPU
		{2174C7E4-822A-4423-BC60-4910944F3F94}.Debug|x86.ActiveCfg = Debug|Any CPU
		{2174C7E4-822A-4423-BC60-4910944F3F94}.Debug|x86.Build.0 = Debug|Any CPU
		{2174C7E4-822A-4423-BC60-4910944F3F94}.Release|Any CPU.ActiveCfg = Release|Any CPU
		{2174C7E4-822A-4423-BC60-4910944F3F94}.Release|Any CPU.Build.0 = Release|Any CPU
		{2174C7E4-822A-4423-BC60-4910944F3F94}.Release|ARM.ActiveCfg = Release|Any CPU
		{2174C7E4-822A-4423-BC60-4910944F3F94}.Release|ARM.Build.0 = Release|Any CPU
		{2174C7E4-822A-4423-BC60-4910944F3F94}.Release|x64.ActiveCfg = Release|Any CPU
		{2174C7E4-822A-4423-BC60-4910944F3F94}.Release|x64.Build.0 = Release|Any CPU
		{2174C7E4-822A-4423-BC60-4910944F3F94}.Release|x86.ActiveCfg = Release|Any CPU
		{2174C7E4-822A-4423-BC60-4910944F3F94}.Release|x86.Build.0 = Release|Any CPU
		{50A7B6F4-6719-4E57-AA8C-E5159FDB4E69}.Debug|Any CPU.ActiveCfg = Debug|Any CPU
		{50A7B6F4-6719-4E57-AA8C-E5159FDB4E69}.Debug|Any CPU.Build.0 = Debug|Any CPU
		{50A7B6F4-6719-4E57-AA8C-E5159FDB4E69}.Debug|ARM.ActiveCfg = Debug|Any CPU
		{50A7B6F4-6719-4E57-AA8C-E5159FDB4E69}.Debug|ARM.Build.0 = Debug|Any CPU
		{50A7B6F4-6719-4E57-AA8C-E5159FDB4E69}.Debug|x64.ActiveCfg = Debug|Any CPU
		{50A7B6F4-6719-4E57-AA8C-E5159FDB4E69}.Debug|x64.Build.0 = Debug|Any CPU
		{50A7B6F4-6719-4E57-AA8C-E5159FDB4E69}.Debug|x86.ActiveCfg = Debug|Any CPU
		{50A7B6F4-6719-4E57-AA8C-E5159FDB4E69}.Debug|x86.Build.0 = Debug|Any CPU
		{50A7B6F4-6719-4E57-AA8C-E5159FDB4E69}.Release|Any CPU.ActiveCfg = Release|Any CPU
		{50A7B6F4-6719-4E57-AA8C-E5159FDB4E69}.Release|Any CPU.Build.0 = Release|Any CPU
		{50A7B6F4-6719-4E57-AA8C-E5159FDB4E69}.Release|ARM.ActiveCfg = Release|Any CPU
		{50A7B6F4-6719-4E57-AA8C-E5159FDB4E69}.Release|ARM.Build.0 = Release|Any CPU
		{50A7B6F4-6719-4E57-AA8C-E5159FDB4E69}.Release|x64.ActiveCfg = Release|Any CPU
		{50A7B6F4-6719-4E57-AA8C-E5159FDB4E69}.Release|x64.Build.0 = Release|Any CPU
		{50A7B6F4-6719-4E57-AA8C-E5159FDB4E69}.Release|x86.ActiveCfg = Release|Any CPU
		{50A7B6F4-6719-4E57-AA8C-E5159FDB4E69}.Release|x86.Build.0 = Release|Any CPU
		{A74282F7-8DD5-48F7-B17A-EBF9F4183444}.Debug|Any CPU.ActiveCfg = Debug|Any CPU
		{A74282F7-8DD5-48F7-B17A-EBF9F4183444}.Debug|Any CPU.Build.0 = Debug|Any CPU
		{A74282F7-8DD5-48F7-B17A-EBF9F4183444}.Debug|ARM.ActiveCfg = Debug|Any CPU
		{A74282F7-8DD5-48F7-B17A-EBF9F4183444}.Debug|ARM.Build.0 = Debug|Any CPU
		{A74282F7-8DD5-48F7-B17A-EBF9F4183444}.Debug|x64.ActiveCfg = Debug|Any CPU
		{A74282F7-8DD5-48F7-B17A-EBF9F4183444}.Debug|x64.Build.0 = Debug|Any CPU
		{A74282F7-8DD5-48F7-B17A-EBF9F4183444}.Debug|x86.ActiveCfg = Debug|Any CPU
		{A74282F7-8DD5-48F7-B17A-EBF9F4183444}.Debug|x86.Build.0 = Debug|Any CPU
		{A74282F7-8DD5-48F7-B17A-EBF9F4183444}.Release|Any CPU.ActiveCfg = Release|Any CPU
		{A74282F7-8DD5-48F7-B17A-EBF9F4183444}.Release|Any CPU.Build.0 = Release|Any CPU
		{A74282F7-8DD5-48F7-B17A-EBF9F4183444}.Release|ARM.ActiveCfg = Release|Any CPU
		{A74282F7-8DD5-48F7-B17A-EBF9F4183444}.Release|ARM.Build.0 = Release|Any CPU
		{A74282F7-8DD5-48F7-B17A-EBF9F4183444}.Release|x64.ActiveCfg = Release|Any CPU
		{A74282F7-8DD5-48F7-B17A-EBF9F4183444}.Release|x64.Build.0 = Release|Any CPU
		{A74282F7-8DD5-48F7-B17A-EBF9F4183444}.Release|x86.ActiveCfg = Release|Any CPU
		{A74282F7-8DD5-48F7-B17A-EBF9F4183444}.Release|x86.Build.0 = Release|Any CPU
		{1C688F22-A9AE-4F48-A241-8B22520F1B96}.Debug|Any CPU.ActiveCfg = Debug|x86
		{1C688F22-A9AE-4F48-A241-8B22520F1B96}.Debug|ARM.ActiveCfg = Debug|ARM
		{1C688F22-A9AE-4F48-A241-8B22520F1B96}.Debug|ARM.Build.0 = Debug|ARM
		{1C688F22-A9AE-4F48-A241-8B22520F1B96}.Debug|ARM.Deploy.0 = Debug|ARM
		{1C688F22-A9AE-4F48-A241-8B22520F1B96}.Debug|x64.ActiveCfg = Debug|x64
		{1C688F22-A9AE-4F48-A241-8B22520F1B96}.Debug|x64.Build.0 = Debug|x64
		{1C688F22-A9AE-4F48-A241-8B22520F1B96}.Debug|x64.Deploy.0 = Debug|x64
		{1C688F22-A9AE-4F48-A241-8B22520F1B96}.Debug|x86.ActiveCfg = Debug|x86
		{1C688F22-A9AE-4F48-A241-8B22520F1B96}.Debug|x86.Build.0 = Debug|x86
		{1C688F22-A9AE-4F48-A241-8B22520F1B96}.Debug|x86.Deploy.0 = Debug|x86
		{1C688F22-A9AE-4F48-A241-8B22520F1B96}.Release|Any CPU.ActiveCfg = Release|x86
		{1C688F22-A9AE-4F48-A241-8B22520F1B96}.Release|ARM.ActiveCfg = Release|ARM
		{1C688F22-A9AE-4F48-A241-8B22520F1B96}.Release|ARM.Build.0 = Release|ARM
		{1C688F22-A9AE-4F48-A241-8B22520F1B96}.Release|ARM.Deploy.0 = Release|ARM
		{1C688F22-A9AE-4F48-A241-8B22520F1B96}.Release|x64.ActiveCfg = Release|x64
		{1C688F22-A9AE-4F48-A241-8B22520F1B96}.Release|x64.Build.0 = Release|x64
		{1C688F22-A9AE-4F48-A241-8B22520F1B96}.Release|x64.Deploy.0 = Release|x64
		{1C688F22-A9AE-4F48-A241-8B22520F1B96}.Release|x86.ActiveCfg = Release|x86
		{1C688F22-A9AE-4F48-A241-8B22520F1B96}.Release|x86.Build.0 = Release|x86
		{1C688F22-A9AE-4F48-A241-8B22520F1B96}.Release|x86.Deploy.0 = Release|x86
	EndGlobalSection
	GlobalSection(SolutionProperties) = preSolution
		HideSolutionNode = FALSE
	EndGlobalSection
EndGlobal
